
Microsoft Visual Studio Solution File, Format Version 12.00
# Visual Studio 15
VisualStudioVersion = 15.0.26730.12
MinimumVisualStudioVersion = 10.0.40219.1
Project("{FAE04EC0-301F-11D3-BF4B-00C04F79EFBC}") = "1.Read2Integer", "1.Read2Integer\1.Read2Integer.csproj", "{5A34A272-B31E-44C6-8166-A295F5DBB284}"
EndProject
Project("{FAE04EC0-301F-11D3-BF4B-00C04F79EFBC}") = "2.GreaterOf2NumbersWithoutIf", "2.GreaterOf2NumbersWithoutIf\2.GreaterOf2NumbersWithoutIf.csproj", "{9135DA86-ED65-43C9-8FE4-59F8E5F6B3D7}"
EndProject
Project("{FAE04EC0-301F-11D3-BF4B-00C04F79EFBC}") = "3.QuadraticEquation", "3.QuadraticEquation\3.QuadraticEquation.csproj", "{2E801067-3167-4083-A70D-2B89B552CE08}"
EndProject
Project("{FAE04EC0-301F-11D3-BF4B-00C04F79EFBC}") = "4.CalculateNNumbers", "4.CalculateNNumbers\4.CalculateNNumbers.csproj", "{3DA6E9DE-60E1-48AD-9AFD-809C4460BA32}"
EndProject
Project("{FAE04EC0-301F-11D3-BF4B-00C04F79EFBC}") = "5.PrintNumbersFrom1ToN", "5.PrintNumbersFrom1ToN\5.PrintNumbersFrom1ToN.csproj", "{B8922C4D-4699-408A-8BC9-619926099010}"
EndProject
Global
	GlobalSection(SolutionConfigurationPlatforms) = preSolution
		Debug|Any CPU = Debug|Any CPU
		Release|Any CPU = Release|Any CPU
	EndGlobalSection
	GlobalSection(ProjectConfigurationPlatforms) = postSolution
		{5A34A272-B31E-44C6-8166-A295F5DBB284}.Debug|Any CPU.ActiveCfg = Debug|Any CPU
		{5A34A272-B31E-44C6-8166-A295F5DBB284}.Debug|Any CPU.Build.0 = Debug|Any CPU
		{5A34A272-B31E-44C6-8166-A295F5DBB284}.Release|Any CPU.ActiveCfg = Release|Any CPU
		{5A34A272-B31E-44C6-8166-A295F5DBB284}.Release|Any CPU.Build.0 = Release|Any CPU
		{9135DA86-ED65-43C9-8FE4-59F8E5F6B3D7}.Debug|Any CPU.ActiveCfg = Debug|Any CPU
		{9135DA86-ED65-43C9-8FE4-59F8E5F6B3D7}.Debug|Any CPU.Build.0 = Debug|Any CPU
		{9135DA86-ED65-43C9-8FE4-59F8E5F6B3D7}.Release|Any CPU.ActiveCfg = Release|Any CPU
		{9135DA86-ED65-43C9-8FE4-59F8E5F6B3D7}.Release|Any CPU.Build.0 = Release|Any CPU
		{2E801067-3167-4083-A70D-2B89B552CE08}.Debug|Any CPU.ActiveCfg = Debug|Any CPU
		{2E801067-3167-4083-A70D-2B89B552CE08}.Debug|Any CPU.Build.0 = Debug|Any CPU
		{2E801067-3167-4083-A70D-2B89B552CE08}.Release|Any CPU.ActiveCfg = Release|Any CPU
		{2E801067-3167-4083-A70D-2B89B552CE08}.Release|Any CPU.Build.0 = Release|Any CPU
		{3DA6E9DE-60E1-48AD-9AFD-809C4460BA32}.Debug|Any CPU.ActiveCfg = Debug|Any CPU
		{3DA6E9DE-60E1-48AD-9AFD-809C4460BA32}.Debug|Any CPU.Build.0 = Debug|Any CPU
		{3DA6E9DE-60E1-48AD-9AFD-809C4460BA32}.Release|Any CPU.ActiveCfg = Release|Any CPU
		{3DA6E9DE-60E1-48AD-9AFD-809C4460BA32}.Release|Any CPU.Build.0 = Release|Any CPU
		{B8922C4D-4699-408A-8BC9-619926099010}.Debug|Any CPU.ActiveCfg = Debug|Any CPU
		{B8922C4D-4699-408A-8BC9-619926099010}.Debug|Any CPU.Build.0 = Debug|Any CPU
		{B8922C4D-4699-408A-8BC9-619926099010}.Release|Any CPU.ActiveCfg = Release|Any CPU
		{B8922C4D-4699-408A-8BC9-619926099010}.Release|Any CPU.Build.0 = Release|Any CPU
	EndGlobalSection
	GlobalSection(SolutionProperties) = preSolution
		HideSolutionNode = FALSE
	EndGlobalSection
	GlobalSection(ExtensibilityGlobals) = postSolution
		SolutionGuid = {C769A1CB-646B-44E6-B164-4CE5B86A2845}
	EndGlobalSection
EndGlobal
